// !$*UTF8*$!
{
	archiveVersion = 1;
	classes = {
	};
	objectVersion = 46;
	objects = {

/* Begin PBXBuildFile section */
		8206EBCD1EF1594200004EBA /* jet_fire.sks in Resources */ = {isa = PBXBuildFile; fileRef = 8206EBCC1EF1594200004EBA /* jet_fire.sks */; };
		821146221EE6AF55001FC2EE /* AppDelegate.swift in Sources */ = {isa = PBXBuildFile; fileRef = 821146211EE6AF55001FC2EE /* AppDelegate.swift */; };
		821146241EE6AF55001FC2EE /* GameScene.sks in Resources */ = {isa = PBXBuildFile; fileRef = 821146231EE6AF55001FC2EE /* GameScene.sks */; };
		821146281EE6AF55001FC2EE /* GameScene.swift in Sources */ = {isa = PBXBuildFile; fileRef = 821146271EE6AF55001FC2EE /* GameScene.swift */; };
		8211462A1EE6AF55001FC2EE /* GameViewController.swift in Sources */ = {isa = PBXBuildFile; fileRef = 821146291EE6AF55001FC2EE /* GameViewController.swift */; };
		8211462D1EE6AF55001FC2EE /* Main.storyboard in Resources */ = {isa = PBXBuildFile; fileRef = 8211462B1EE6AF55001FC2EE /* Main.storyboard */; };
		821146321EE6AF55001FC2EE /* LaunchScreen.storyboard in Resources */ = {isa = PBXBuildFile; fileRef = 821146301EE6AF55001FC2EE /* LaunchScreen.storyboard */; };
		8211463D1EE6AF55001FC2EE /* DODGETests.swift in Sources */ = {isa = PBXBuildFile; fileRef = 8211463C1EE6AF55001FC2EE /* DODGETests.swift */; };
		821146481EE6AF55001FC2EE /* DODGEUITests.swift in Sources */ = {isa = PBXBuildFile; fileRef = 821146471EE6AF55001FC2EE /* DODGEUITests.swift */; };
		8216C66D20378B64004F7620 /* Dodge-1.mp3 in Resources */ = {isa = PBXBuildFile; fileRef = 8216C66C20378B64004F7620 /* Dodge-1.mp3 */; };
		8216C67120378E68004F7620 /* ver2.m4a in Resources */ = {isa = PBXBuildFile; fileRef = 8216C67020378E68004F7620 /* ver2.m4a */; };
		824DBE551EEC8DD600E0EE44 /* Assets.xcassets in Resources */ = {isa = PBXBuildFile; fileRef = 824DBE541EEC8DD600E0EE44 /* Assets.xcassets */; };
		824DBE571EEC8DE500E0EE44 /* dead.wav in Resources */ = {isa = PBXBuildFile; fileRef = 824DBE561EEC8DE500E0EE44 /* dead.wav */; };
		824DBE651EEC99A200E0EE44 /* Pennstat.ttf in Resources */ = {isa = PBXBuildFile; fileRef = 824DBE641EEC99A200E0EE44 /* Pennstat.ttf */; };
		82F8DD4D1EF3D04D000CF20D /* moveParticle.sks in Resources */ = {isa = PBXBuildFile; fileRef = 82F8DD4C1EF3D04D000CF20D /* moveParticle.sks */; };
/* End PBXBuildFile section */

/* Begin PBXContainerItemProxy section */
		821146391EE6AF55001FC2EE /* PBXContainerItemProxy */ = {
			isa = PBXContainerItemProxy;
			containerPortal = 821146161EE6AF55001FC2EE /* Project object */;
			proxyType = 1;
			remoteGlobalIDString = 8211461D1EE6AF55001FC2EE;
			remoteInfo = DODGE;
		};
		821146441EE6AF55001FC2EE /* PBXContainerItemProxy */ = {
			isa = PBXContainerItemProxy;
			containerPortal = 821146161EE6AF55001FC2EE /* Project object */;
			proxyType = 1;
			remoteGlobalIDString = 8211461D1EE6AF55001FC2EE;
			remoteInfo = DODGE;
		};
/* End PBXContainerItemProxy section */

/* Begin PBXFileReference section */
		8206EBCC1EF1594200004EBA /* jet_fire.sks */ = {isa = PBXFileReference; lastKnownFileType = file.sks; path = jet_fire.sks; sourceTree = "<group>"; };
		8211461E1EE6AF55001FC2EE /* DODGE.app */ = {isa = PBXFileReference; explicitFileType = wrapper.application; includeInIndex = 0; path = DODGE.app; sourceTree = BUILT_PRODUCTS_DIR; };
		821146211EE6AF55001FC2EE /* AppDelegate.swift */ = {isa = PBXFileReference; explicitFileType = sourcecode.swift; path = AppDelegate.swift; sourceTree = "<group>"; };
		821146231EE6AF55001FC2EE /* GameScene.sks */ = {isa = PBXFileReference; lastKnownFileType = file.sks; path = GameScene.sks; sourceTree = "<group>"; };
		821146271EE6AF55001FC2EE /* GameScene.swift */ = {isa = PBXFileReference; lastKnownFileType = sourcecode.swift; path = GameScene.swift; sourceTree = "<group>"; };
		821146291EE6AF55001FC2EE /* GameViewController.swift */ = {isa = PBXFileReference; lastKnownFileType = sourcecode.swift; path = GameViewController.swift; sourceTree = "<group>"; };
		8211462C1EE6AF55001FC2EE /* Base */ = {isa = PBXFileReference; lastKnownFileType = file.storyboard; name = Base; path = Base.lproj/Main.storyboard; sourceTree = "<group>"; };
		821146311EE6AF55001FC2EE /* Base */ = {isa = PBXFileReference; lastKnownFileType = file.storyboard; name = Base; path = Base.lproj/LaunchScreen.storyboard; sourceTree = "<group>"; };
		821146331EE6AF55001FC2EE /* Info.plist */ = {isa = PBXFileReference; lastKnownFileType = text.plist.xml; path = Info.plist; sourceTree = "<group>"; };
		821146381EE6AF55001FC2EE /* DODGETests.xctest */ = {isa = PBXFileReference; explicitFileType = wrapper.cfbundle; includeInIndex = 0; path = DODGETests.xctest; sourceTree = BUILT_PRODUCTS_DIR; };
		8211463C1EE6AF55001FC2EE /* DODGETests.swift */ = {isa = PBXFileReference; lastKnownFileType = sourcecode.swift; path = DODGETests.swift; sourceTree = "<group>"; };
		8211463E1EE6AF55001FC2EE /* Info.plist */ = {isa = PBXFileReference; lastKnownFileType = text.plist.xml; path = Info.plist; sourceTree = "<group>"; };
		821146431EE6AF55001FC2EE /* DODGEUITests.xctest */ = {isa = PBXFileReference; explicitFileType = wrapper.cfbundle; includeInIndex = 0; path = DODGEUITests.xctest; sourceTree = BUILT_PRODUCTS_DIR; };
		821146471EE6AF55001FC2EE /* DODGEUITests.swift */ = {isa = PBXFileReference; lastKnownFileType = sourcecode.swift; path = DODGEUITests.swift; sourceTree = "<group>"; };
		821146491EE6AF55001FC2EE /* Info.plist */ = {isa = PBXFileReference; lastKnownFileType = text.plist.xml; path = Info.plist; sourceTree = "<group>"; };
		8216C66C20378B64004F7620 /* Dodge-1.mp3 */ = {isa = PBXFileReference; lastKnownFileType = audio.mp3; path = "Dodge-1.mp3"; sourceTree = "<group>"; };
		8216C67020378E68004F7620 /* ver2.m4a */ = {isa = PBXFileReference; lastKnownFileType = file; path = ver2.m4a; sourceTree = "<group>"; };
		824DBE541EEC8DD600E0EE44 /* Assets.xcassets */ = {isa = PBXFileReference; lastKnownFileType = folder.assetcatalog; path = Assets.xcassets; sourceTree = "<group>"; };
		824DBE561EEC8DE500E0EE44 /* dead.wav */ = {isa = PBXFileReference; lastKnownFileType = audio.wav; path = dead.wav; sourceTree = "<group>"; };
		824DBE641EEC99A200E0EE44 /* Pennstat.ttf */ = {isa = PBXFileReference; lastKnownFileType = file; path = Pennstat.ttf; sourceTree = "<group>"; };
		82F8DD4C1EF3D04D000CF20D /* moveParticle.sks */ = {isa = PBXFileReference; lastKnownFileType = file.sks; path = moveParticle.sks; sourceTree = "<group>"; };
/* End PBXFileReference section */

/* Begin PBXFrameworksBuildPhase section */
		8211461B1EE6AF55001FC2EE /* Frameworks */ = {
			isa = PBXFrameworksBuildPhase;
			buildActionMask = 2147483647;
			files = (
			);
			runOnlyForDeploymentPostprocessing = 0;
		};
		821146351EE6AF55001FC2EE /* Frameworks */ = {
			isa = PBXFrameworksBuildPhase;
			buildActionMask = 2147483647;
			files = (
			);
			runOnlyForDeploymentPostprocessing = 0;
		};
		821146401EE6AF55001FC2EE /* Frameworks */ = {
			isa = PBXFrameworksBuildPhase;
			buildActionMask = 2147483647;
			files = (
			);
			runOnlyForDeploymentPostprocessing = 0;
		};
/* End PBXFrameworksBuildPhase section */

/* Begin PBXGroup section */
		821146151EE6AF55001FC2EE = {
			isa = PBXGroup;
			children = (
				821146201EE6AF55001FC2EE /* DODGE */,
				8211463B1EE6AF55001FC2EE /* DODGETests */,
				821146461EE6AF55001FC2EE /* DODGEUITests */,
				8211461F1EE6AF55001FC2EE /* Products */,
			);
			sourceTree = "<group>";
		};
		8211461F1EE6AF55001FC2EE /* Products */ = {
			isa = PBXGroup;
			children = (
				8211461E1EE6AF55001FC2EE /* DODGE.app */,
				821146381EE6AF55001FC2EE /* DODGETests.xctest */,
				821146431EE6AF55001FC2EE /* DODGEUITests.xctest */,
			);
			name = Products;
			sourceTree = "<group>";
		};
		821146201EE6AF55001FC2EE /* DODGE */ = {
			isa = PBXGroup;
			children = (
				821146211EE6AF55001FC2EE /* AppDelegate.swift */,
				821146231EE6AF55001FC2EE /* GameScene.sks */,
				821146271EE6AF55001FC2EE /* GameScene.swift */,
				8206EBCC1EF1594200004EBA /* jet_fire.sks */,
				82F8DD4C1EF3D04D000CF20D /* moveParticle.sks */,
				821146291EE6AF55001FC2EE /* GameViewController.swift */,
				824DBE541EEC8DD600E0EE44 /* Assets.xcassets */,
				8211462B1EE6AF55001FC2EE /* Main.storyboard */,
				824DBE641EEC99A200E0EE44 /* Pennstat.ttf */,
				821146301EE6AF55001FC2EE /* LaunchScreen.storyboard */,
				821146331EE6AF55001FC2EE /* Info.plist */,
				8216C67020378E68004F7620 /* ver2.m4a */,
				8216C66C20378B64004F7620 /* Dodge-1.mp3 */,
				824DBE561EEC8DE500E0EE44 /* dead.wav */,
			);
			path = DODGE;
			sourceTree = "<group>";
		};
		8211463B1EE6AF55001FC2EE /* DODGETests */ = {
			isa = PBXGroup;
			children = (
				8211463C1EE6AF55001FC2EE /* DODGETests.swift */,
				8211463E1EE6AF55001FC2EE /* Info.plist */,
			);
			path = DODGETests;
			sourceTree = "<group>";
		};
		821146461EE6AF55001FC2EE /* DODGEUITests */ = {
			isa = PBXGroup;
			children = (
				821146471EE6AF55001FC2EE /* DODGEUITests.swift */,
				821146491EE6AF55001FC2EE /* Info.plist */,
			);
			path = DODGEUITests;
			sourceTree = "<group>";
		};
/* End PBXGroup section */

/* Begin PBXNativeTarget section */
		8211461D1EE6AF55001FC2EE /* DODGE */ = {
			isa = PBXNativeTarget;
			buildConfigurationList = 8211464C1EE6AF55001FC2EE /* Build configuration list for PBXNativeTarget "DODGE" */;
			buildPhases = (
				8211461A1EE6AF55001FC2EE /* Sources */,
				8211461B1EE6AF55001FC2EE /* Frameworks */,
				8211461C1EE6AF55001FC2EE /* Resources */,
			);
			buildRules = (
			);
			dependencies = (
			);
			name = DODGE;
			productName = DODGE;
			productReference = 8211461E1EE6AF55001FC2EE /* DODGE.app */;
			productType = "com.apple.product-type.application";
		};
		821146371EE6AF55001FC2EE /* DODGETests */ = {
			isa = PBXNativeTarget;
			buildConfigurationList = 8211464F1EE6AF55001FC2EE /* Build configuration list for PBXNativeTarget "DODGETests" */;
			buildPhases = (
				821146341EE6AF55001FC2EE /* Sources */,
				821146351EE6AF55001FC2EE /* Frameworks */,
				821146361EE6AF55001FC2EE /* Resources */,
			);
			buildRules = (
			);
			dependencies = (
				8211463A1EE6AF55001FC2EE /* PBXTargetDependency */,
			);
			name = DODGETests;
			productName = DODGETests;
			productReference = 821146381EE6AF55001FC2EE /* DODGETests.xctest */;
			productType = "com.apple.product-type.bundle.unit-test";
		};
		821146421EE6AF55001FC2EE /* DODGEUITests */ = {
			isa = PBXNativeTarget;
			buildConfigurationList = 821146521EE6AF55001FC2EE /* Build configuration list for PBXNativeTarget "DODGEUITests" */;
			buildPhases = (
				8211463F1EE6AF55001FC2EE /* Sources */,
				821146401EE6AF55001FC2EE /* Frameworks */,
				821146411EE6AF55001FC2EE /* Resources */,
			);
			buildRules = (
			);
			dependencies = (
				821146451EE6AF55001FC2EE /* PBXTargetDependency */,
			);
			name = DODGEUITests;
			productName = DODGEUITests;
			productReference = 821146431EE6AF55001FC2EE /* DODGEUITests.xctest */;
			productType = "com.apple.product-type.bundle.ui-testing";
		};
/* End PBXNativeTarget section */

/* Begin PBXProject section */
		821146161EE6AF55001FC2EE /* Project object */ = {
			isa = PBXProject;
			attributes = {
				LastSwiftUpdateCheck = 0830;
				LastUpgradeCheck = 1010;
				ORGANIZATIONNAME = "Filippos Taprantzis";
				TargetAttributes = {
					8211461D1EE6AF55001FC2EE = {
						CreatedOnToolsVersion = 8.3.3;
						LastSwiftMigration = 1140;
						ProvisioningStyle = Automatic;
					};
					821146371EE6AF55001FC2EE = {
						CreatedOnToolsVersion = 8.3.3;
						DevelopmentTeam = NXTZ4V4CB9;
						LastSwiftMigration = 1140;
						ProvisioningStyle = Automatic;
						TestTargetID = 8211461D1EE6AF55001FC2EE;
					};
					821146421EE6AF55001FC2EE = {
						CreatedOnToolsVersion = 8.3.3;
						DevelopmentTeam = NXTZ4V4CB9;
						LastSwiftMigration = 1140;
						ProvisioningStyle = Automatic;
						TestTargetID = 8211461D1EE6AF55001FC2EE;
					};
				};
			};
			buildConfigurationList = 821146191EE6AF55001FC2EE /* Build configuration list for PBXProject "DODGE" */;
			compatibilityVersion = "Xcode 3.2";
			developmentRegion = en;
			hasScannedForEncodings = 0;
			knownRegions = (
				en,
				Base,
			);
			mainGroup = 821146151EE6AF55001FC2EE;
			productRefGroup = 8211461F1EE6AF55001FC2EE /* Products */;
			projectDirPath = "";
			projectRoot = "";
			targets = (
				8211461D1EE6AF55001FC2EE /* DODGE */,
				821146371EE6AF55001FC2EE /* DODGETests */,
				821146421EE6AF55001FC2EE /* DODGEUITests */,
			);
		};
/* End PBXProject section */

/* Begin PBXResourcesBuildPhase section */
		8211461C1EE6AF55001FC2EE /* Resources */ = {
			isa = PBXResourcesBuildPhase;
			buildActionMask = 2147483647;
			files = (
				824DBE651EEC99A200E0EE44 /* Pennstat.ttf in Resources */,
				8211462D1EE6AF55001FC2EE /* Main.storyboard in Resources */,
				824DBE571EEC8DE500E0EE44 /* dead.wav in Resources */,
				8206EBCD1EF1594200004EBA /* jet_fire.sks in Resources */,
				82F8DD4D1EF3D04D000CF20D /* moveParticle.sks in Resources */,
				8216C66D20378B64004F7620 /* Dodge-1.mp3 in Resources */,
				821146241EE6AF55001FC2EE /* GameScene.sks in Resources */,
				821146321EE6AF55001FC2EE /* LaunchScreen.storyboard in Resources */,
				8216C67120378E68004F7620 /* ver2.m4a in Resources */,
				824DBE551EEC8DD600E0EE44 /* Assets.xcassets in Resources */,
			);
			runOnlyForDeploymentPostprocessing = 0;
		};
		821146361EE6AF55001FC2EE /* Resources */ = {
			isa = PBXResourcesBuildPhase;
			buildActionMask = 2147483647;
			files = (
			);
			runOnlyForDeploymentPostprocessing = 0;
		};
		821146411EE6AF55001FC2EE /* Resources */ = {
			isa = PBXResourcesBuildPhase;
			buildActionMask = 2147483647;
			files = (
			);
			runOnlyForDeploymentPostprocessing = 0;
		};
/* End PBXResourcesBuildPhase section */

/* Begin PBXSourcesBuildPhase section */
		8211461A1EE6AF55001FC2EE /* Sources */ = {
			isa = PBXSourcesBuildPhase;
			buildActionMask = 2147483647;
			files = (
				821146281EE6AF55001FC2EE /* GameScene.swift in Sources */,
				8211462A1EE6AF55001FC2EE /* GameViewController.swift in Sources */,
				821146221EE6AF55001FC2EE /* AppDelegate.swift in Sources */,
			);
			runOnlyForDeploymentPostprocessing = 0;
		};
		821146341EE6AF55001FC2EE /* Sources */ = {
			isa = PBXSourcesBuildPhase;
			buildActionMask = 2147483647;
			files = (
				8211463D1EE6AF55001FC2EE /* DODGETests.swift in Sources */,
			);
			runOnlyForDeploymentPostprocessing = 0;
		};
		8211463F1EE6AF55001FC2EE /* Sources */ = {
			isa = PBXSourcesBuildPhase;
			buildActionMask = 2147483647;
			files = (
				821146481EE6AF55001FC2EE /* DODGEUITests.swift in Sources */,
			);
			runOnlyForDeploymentPostprocessing = 0;
		};
/* End PBXSourcesBuildPhase section */

/* Begin PBXTargetDependency section */
		8211463A1EE6AF55001FC2EE /* PBXTargetDependency */ = {
			isa = PBXTargetDependency;
			target = 8211461D1EE6AF55001FC2EE /* DODGE */;
			targetProxy = 821146391EE6AF55001FC2EE /* PBXContainerItemProxy */;
		};
		821146451EE6AF55001FC2EE /* PBXTargetDependency */ = {
			isa = PBXTargetDependency;
			target = 8211461D1EE6AF55001FC2EE /* DODGE */;
			targetProxy = 821146441EE6AF55001FC2EE /* PBXContainerItemProxy */;
		};
/* End PBXTargetDependency section */

/* Begin PBXVariantGroup section */
		8211462B1EE6AF55001FC2EE /* Main.storyboard */ = {
			isa = PBXVariantGroup;
			children = (
				8211462C1EE6AF55001FC2EE /* Base */,
			);
			name = Main.storyboard;
			sourceTree = "<group>";
		};
		821146301EE6AF55001FC2EE /* LaunchScreen.storyboard */ = {
			isa = PBXVariantGroup;
			children = (
				821146311EE6AF55001FC2EE /* Base */,
			);
			name = LaunchScreen.storyboard;
			sourceTree = "<group>";
		};
/* End PBXVariantGroup section */

/* Begin XCBuildConfiguration section */
		8211464A1EE6AF55001FC2EE /* Debug */ = {
			isa = XCBuildConfiguration;
			buildSettings = {
				ALWAYS_SEARCH_USER_PATHS = NO;
				CLANG_ANALYZER_NONNULL = YES;
				CLANG_ANALYZER_NUMBER_OBJECT_CONVERSION = YES_AGGRESSIVE;
				CLANG_CXX_LANGUAGE_STANDARD = "gnu++0x";
				CLANG_CXX_LIBRARY = "libc++";
				CLANG_ENABLE_MODULES = YES;
				CLANG_ENABLE_OBJC_ARC = YES;
				CLANG_WARN_BLOCK_CAPTURE_AUTORELEASING = YES;
				CLANG_WARN_BOOL_CONVERSION = YES;
				CLANG_WARN_COMMA = YES;
				CLANG_WARN_CONSTANT_CONVERSION = YES;
				CLANG_WARN_DEPRECATED_OBJC_IMPLEMENTATIONS = YES;
				CLANG_WARN_DIRECT_OBJC_ISA_USAGE = YES_ERROR;
				CLANG_WARN_DOCUMENTATION_COMMENTS = YES;
				CLANG_WARN_EMPTY_BODY = YES;
				CLANG_WARN_ENUM_CONVERSION = YES;
				CLANG_WARN_INFINITE_RECURSION = YES;
				CLANG_WARN_INT_CONVERSION = YES;
				CLANG_WARN_NON_LITERAL_NULL_CONVERSION = YES;
				CLANG_WARN_OBJC_IMPLICIT_RETAIN_SELF = YES;
				CLANG_WARN_OBJC_LITERAL_CONVERSION = YES;
				CLANG_WARN_OBJC_ROOT_CLASS = YES_ERROR;
				CLANG_WARN_RANGE_LOOP_ANALYSIS = YES;
				CLANG_WARN_STRICT_PROTOTYPES = YES;
				CLANG_WARN_SUSPICIOUS_MOVE = YES;
				CLANG_WARN_UNREACHABLE_CODE = YES;
				CLANG_WARN__DUPLICATE_METHOD_MATCH = YES;
				"CODE_SIGN_IDENTITY[sdk=iphoneos*]" = "iPhone Developer";
				COPY_PHASE_STRIP = NO;
				DEBUG_INFORMATION_FORMAT = dwarf;
				ENABLE_STRICT_OBJC_MSGSEND = YES;
				ENABLE_TESTABILITY = YES;
				GCC_C_LANGUAGE_STANDARD = gnu99;
				GCC_DYNAMIC_NO_PIC = NO;
				GCC_NO_COMMON_BLOCKS = YES;
				GCC_OPTIMIZATION_LEVEL = 0;
				GCC_PREPROCESSOR_DEFINITIONS = (
					"DEBUG=1",
					"$(inherited)",
				);
				GCC_WARN_64_TO_32_BIT_CONVERSION = YES;
				GCC_WARN_ABOUT_RETURN_TYPE = YES_ERROR;
				GCC_WARN_UNDECLARED_SELECTOR = YES;
				GCC_WARN_UNINITIALIZED_AUTOS = YES_AGGRESSIVE;
				GCC_WARN_UNUSED_FUNCTION = YES;
				GCC_WARN_UNUSED_VARIABLE = YES;
				IPHONEOS_DEPLOYMENT_TARGET = 10.3;
				MTL_ENABLE_DEBUG_INFO = YES;
				ONLY_ACTIVE_ARCH = YES;
				SDKROOT = iphoneos;
				SWIFT_ACTIVE_COMPILATION_CONDITIONS = DEBUG;
				SWIFT_OPTIMIZATION_LEVEL = "-Onone";
			};
			name = Debug;
		};
		8211464B1EE6AF55001FC2EE /* Release */ = {
			isa = XCBuildConfiguration;
			buildSettings = {
				ALWAYS_SEARCH_USER_PATHS = NO;
				CLANG_ANALYZER_NONNULL = YES;
				CLANG_ANALYZER_NUMBER_OBJECT_CONVERSION = YES_AGGRESSIVE;
				CLANG_CXX_LANGUAGE_STANDARD = "gnu++0x";
				CLANG_CXX_LIBRARY = "libc++";
				CLANG_ENABLE_MODULES = YES;
				CLANG_ENABLE_OBJC_ARC = YES;
				CLANG_WARN_BLOCK_CAPTURE_AUTORELEASING = YES;
				CLANG_WARN_BOOL_CONVERSION = YES;
				CLANG_WARN_COMMA = YES;
				CLANG_WARN_CONSTANT_CONVERSION = YES;
				CLANG_WARN_DEPRECATED_OBJC_IMPLEMENTATIONS = YES;
				CLANG_WARN_DIRECT_OBJC_ISA_USAGE = YES_ERROR;
				CLANG_WARN_DOCUMENTATION_COMMENTS = YES;
				CLANG_WARN_EMPTY_BODY = YES;
				CLANG_WARN_ENUM_CONVERSION = YES;
				CLANG_WARN_INFINITE_RECURSION = YES;
				CLANG_WARN_INT_CONVERSION = YES;
				CLANG_WARN_NON_LITERAL_NULL_CONVERSION = YES;
				CLANG_WARN_OBJC_IMPLICIT_RETAIN_SELF = YES;
				CLANG_WARN_OBJC_LITERAL_CONVERSION = YES;
				CLANG_WARN_OBJC_ROOT_CLASS = YES_ERROR;
				CLANG_WARN_RANGE_LOOP_ANALYSIS = YES;
				CLANG_WARN_STRICT_PROTOTYPES = YES;
				CLANG_WARN_SUSPICIOUS_MOVE = YES;
				CLANG_WARN_UNREACHABLE_CODE = YES;
				CLANG_WARN__DUPLICATE_METHOD_MATCH = YES;
				"CODE_SIGN_IDENTITY[sdk=iphoneos*]" = "iPhone Developer";
				COPY_PHASE_STRIP = NO;
				DEBUG_INFORMATION_FORMAT = "dwarf-with-dsym";
				ENABLE_NS_ASSERTIONS = NO;
				ENABLE_STRICT_OBJC_MSGSEND = YES;
				GCC_C_LANGUAGE_STANDARD = gnu99;
				GCC_NO_COMMON_BLOCKS = YES;
				GCC_WARN_64_TO_32_BIT_CONVERSION = YES;
				GCC_WARN_ABOUT_RETURN_TYPE = YES_ERROR;
				GCC_WARN_UNDECLARED_SELECTOR = YES;
				GCC_WARN_UNINITIALIZED_AUTOS = YES_AGGRESSIVE;
				GCC_WARN_UNUSED_FUNCTION = YES;
				GCC_WARN_UNUSED_VARIABLE = YES;
				IPHONEOS_DEPLOYMENT_TARGET = 10.3;
				MTL_ENABLE_DEBUG_INFO = NO;
				SDKROOT = iphoneos;
				SWIFT_OPTIMIZATION_LEVEL = "-Owholemodule";
				VALIDATE_PRODUCT = YES;
			};
			name = Release;
		};
		8211464D1EE6AF55001FC2EE /* Debug */ = {
			isa = XCBuildConfiguration;
			buildSettings = {
				ASSETCATALOG_COMPILER_APPICON_NAME = AppIcon;
				DEVELOPMENT_TEAM = "";
				INFOPLIST_FILE = DODGE/Info.plist;
				LD_RUNPATH_SEARCH_PATHS = "$(inherited) @executable_path/Frameworks";
				PRODUCT_BUNDLE_IDENTIFIER = robotilus.DODGE;
				PRODUCT_NAME = "$(TARGET_NAME)";
				SWIFT_SWIFT3_OBJC_INFERENCE = On;
				SWIFT_VERSION = 5.0;
			};
			name = Debug;
		};
		8211464E1EE6AF55001FC2EE /* Release */ = {
			isa = XCBuildConfiguration;
			buildSettings = {
				ASSETCATALOG_COMPILER_APPICON_NAME = AppIcon;
				DEVELOPMENT_TEAM = "";
				INFOPLIST_FILE = DODGE/Info.plist;
				LD_RUNPATH_SEARCH_PATHS = "$(inherited) @executable_path/Frameworks";
				PRODUCT_BUNDLE_IDENTIFIER = robotilus.DODGE;
				PRODUCT_NAME = "$(TARGET_NAME)";
				SWIFT_SWIFT3_OBJC_INFERENCE = On;
				SWIFT_VERSION = 5.0;
			};
			name = Release;
		};
		821146501EE6AF55001FC2EE /* Debug */ = {
			isa = XCBuildConfiguration;
			buildSettings = {
				ALWAYS_EMBED_SWIFT_STANDARD_LIBRARIES = YES;
				BUNDLE_LOADER = "$(TEST_HOST)";
				DEVELOPMENT_TEAM = NXTZ4V4CB9;
				INFOPLIST_FILE = DODGETests/Info.plist;
				LD_RUNPATH_SEARCH_PATHS = "$(inherited) @executable_path/Frameworks @loader_path/Frameworks";
				PRODUCT_BUNDLE_IDENTIFIER = robotilus.DODGETests;
				PRODUCT_NAME = "$(TARGET_NAME)";
				SWIFT_SWIFT3_OBJC_INFERENCE = On;
				SWIFT_VERSION = 5.0;
				TEST_HOST = "$(BUILT_PRODUCTS_DIR)/DODGE.app/DODGE";
			};
			name = Debug;
		};
		821146511EE6AF55001FC2EE /* Release */ = {
			isa = XCBuildConfiguration;
			buildSettings = {
				ALWAYS_EMBED_SWIFT_STANDARD_LIBRARIES = YES;
				BUNDLE_LOADER = "$(TEST_HOST)";
				DEVELOPMENT_TEAM = NXTZ4V4CB9;
				INFOPLIST_FILE = DODGETests/Info.plist;
				LD_RUNPATH_SEARCH_PATHS = "$(inherited) @executable_path/Frameworks @loader_path/Frameworks";
				PRODUCT_BUNDLE_IDENTIFIER = robotilus.DODGETests;
				PRODUCT_NAME = "$(TARGET_NAME)";
				SWIFT_SWIFT3_OBJC_INFERENCE = On;
				SWIFT_VERSION = 5.0;
				TEST_HOST = "$(BUILT_PRODUCTS_DIR)/DODGE.app/DODGE";
			};
			name = Release;
		};
		821146531EE6AF55001FC2EE /* Debug */ = {
			isa = XCBuildConfiguration;
			buildSettings = {
				ALWAYS_EMBED_SWIFT_STANDARD_LIBRARIES = YES;
				DEVELOPMENT_TEAM = NXTZ4V4CB9;
				INFOPLIST_FILE = DODGEUITests/Info.plist;
				LD_RUNPATH_SEARCH_PATHS = "$(inherited) @executable_path/Frameworks @loader_path/Frameworks";
				PRODUCT_BUNDLE_IDENTIFIER = robotilus.DODGEUITests;
				PRODUCT_NAME = "$(TARGET_NAME)";
				SWIFT_SWIFT3_OBJC_INFERENCE = On;
				SWIFT_VERSION = 5.0;
				TEST_TARGET_NAME = DODGE;
			};
			name = Debug;
		};
		821146541EE6AF55001FC2EE /* Release */ = {
			isa = XCBuildConfiguration;
			buildSettings = {
				ALWAYS_EMBED_SWIFT_STANDARD_LIBRARIES = YES;
				DEVELOPMENT_TEAM = NXTZ4V4CB9;
				INFOPLIST_FILE = DODGEUITests/Info.plist;
				LD_RUNPATH_SEARCH_PATHS = "$(inherited) @executable_path/Frameworks @loader_path/Frameworks";
				PRODUCT_BUNDLE_IDENTIFIER = robotilus.DODGEUITests;
				PRODUCT_NAME = "$(TARGET_NAME)";
				SWIFT_SWIFT3_OBJC_INFERENCE = On;
				SWIFT_VERSION = 5.0;
				TEST_TARGET_NAME = DODGE;
			};
			name = Release;
		};
/* End XCBuildConfiguration section */

/* Begin XCConfigurationList section */
		821146191EE6AF55001FC2EE /* Build configuration list for PBXProject "DODGE" */ = {
			isa = XCConfigurationList;
			buildConfigurations = (
				8211464A1EE6AF55001FC2EE /* Debug */,
				8211464B1EE6AF55001FC2EE /* Release */,
			);
			defaultConfigurationIsVisible = 0;
			defaultConfigurationName = Release;
		};
		8211464C1EE6AF55001FC2EE /* Build configuration list for PBXNativeTarget "DODGE" */ = {
			isa = XCConfigurationList;
			buildConfigurations = (
				8211464D1EE6AF55001FC2EE /* Debug */,
				8211464E1EE6AF55001FC2EE /* Release */,
			);
			defaultConfigurationIsVisible = 0;
			defaultConfigurationName = Release;
		};
		8211464F1EE6AF55001FC2EE /* Build configuration list for PBXNativeTarget "DODGETests" */ = {
			isa = XCConfigurationList;
			buildConfigurations = (
				821146501EE6AF55001FC2EE /* Debug */,
				821146511EE6AF55001FC2EE /* Release */,
			);
			defaultConfigurationIsVisible = 0;
			defaultConfigurationName = Release;
		};
		821146521EE6AF55001FC2EE /* Build configuration list for PBXNativeTarget "DODGEUITests" */ = {
			isa = XCConfigurationList;
			buildConfigurations = (
				821146531EE6AF55001FC2EE /* Debug */,
				821146541EE6AF55001FC2EE /* Release */,
			);
			defaultConfigurationIsVisible = 0;
			defaultConfigurationName = Release;
		};
/* End XCConfigurationList section */
	};
	rootObject = 821146161EE6AF55001FC2EE /* Project object */;
}
